lockfileVersion: '9.0'

settings:
  autoInstallPeers: true
  excludeLinksFromLockfile: false

overrides:
  '@astrojs/cloudflare@<13.1.10': '>=13.1.10'
  astro@<6.1.6: 6.4.6
  astro@<6.1.10: 6.4.6
  astro@<6.4.6: 6.4.6
  '@babel/core@<=7.29.0': '>=7.29.6'
  '@opentelemetry/core': ^2.8.0
  brace-expansion@>=5.0.0 <5.0.6: '>=5.0.6'
  devalue@>=5.6.3 <=5.8.0: '>=5.8.1'
  esbuild@>=0.27.3 <0.28.1: '>=0.28.1'
  fast-uri@<=3.1.0: '>=3.1.1'
  fast-uri@<=3.1.1: '>=3.1.2'
  fast-xml-builder@<=1.1.6: '>=1.1.7'
  fast-xml-parser@<5.7.0: '>=5.7.0'
  js-yaml@>=4.0.0 <=4.1.1: '>=4.2.0'
  postcss@<8.5.10: '>=8.5.10'
  qs@>=6.11.1 <=6.15.1: '>=6.15.2'
  undici@>=7.0.0 <7.18.2: '>=7.18.2'
  undici@>=7.0.0 <7.24.0: '>=7.24.0'
  undici@>=7.0.0 <7.28.0: '>=7.28.0'
  uuid@<11.1.1: '>=11.1.1'
  ws@>=8.0.0 <8.21.0: '>=8.21.0'
  yaml@>=2.0.0 <2.8.3: '>=2.8.3'

patchedDependencies:
  '@astrojs/internal-helpers@0.10.0':
    hash: 7939c46f520db5ec9470060d5ab03097de52f1a4723b69d5c71069b23543eb1f
    path: patches/@astrojs__internal-helpers@0.10.0.patch
  astro@6.4.6:
    hash: 7159446db635b141722ab38b833eeba8e85b6a96f4ca2cce011ede5d5af76a32
    path: patches/astro@6.4.6.patch

importers:

  .:
    dependencies:
      '@astrojs/check':
        specifier: ^0.9.6
        version: 0.9.8(prettier@3.8.3)(typescript@5.9.3)
      '@astrojs/markdoc':
        specifier: ^1.0.6
        version: 1.0.6(@types/react@18.3.28)(astro@6.4.6(patch_hash=7159446db635b141722ab38b833eeba8e85b6a96f4ca2cce011ede5d5af76a32)(@types/node@25.6.0)(idb-keyval@6.2.2)(jiti@1.21.7)(lightningcss@1.32.0)(rollup@4.60.1)(tsx@4.21.0)(yaml@2.8.3))(react@18.3.1)
      '@astrojs/react':
        specifier: ^5.0.7
        version: 5.0.7(@types/node@25.6.0)(@types/react-dom@18.3.7(@types/react@18.3.28))(@types/react@18.3.28)(jiti@1.21.7)(lightningcss@1.32.0)(react-dom@18.3.1(react@18.3.1))(react@18.3.1)(tsx@4.21.0)(yaml@2.8.3)
      '@astrojs/rss':
        specifier: ^4.0.18
        version: 4.0.18
      '@astrojs/tailwind':
        specifier: ^6.0.0
        version: 6.0.2(astro@6.4.6(patch_hash=7159446db635b141722ab38b833eeba8e85b6a96f4ca2cce011ede5d5af76a32)(@types/node@25.6.0)(idb-keyval@6.2.2)(jiti@1.21.7)(lightningcss@1.32.0)(rollup@4.60.1)(tsx@4.21.0)(yaml@2.8.3))(tailwindcss@3.4.19(tsx@4.21.0)(yaml@2.8.3))
      '@fontsource-variable/inter':
        specifier: ^5.3.0
        version: 5.3.0
      '@fontsource/boldonse':
        specifier: ^5.3.0
        version: 5.3.0
      '@fontsource/unbounded':
        specifier: ^5.2.8
        version: 5.2.8
      '@googleapis/calendar':
        specifier: ^14.2.0
        version: 14.2.0
      '@googleapis/docs':
        specifier: ^9.2.0
        version: 9.2.1
      '@googleapis/drive':
        specifier: ^20.0.0
        version: 20.1.0
      '@keystatic/astro':
        specifier: ^5.1.0
        version: 5.1.0(@keystatic/core@0.5.50(@react-spectrum/provider@3.11.0(react-dom@18.3.1(react@18.3.1))(react@18.3.1))(react-dom@18.3.1(react@18.3.1))(react@18.3.1))(astro@6.4.6(patch_hash=7159446db635b141722ab38b833eeba8e85b6a96f4ca2cce011ede5d5af76a32)(@types/node@25.6.0)(idb-keyval@6.2.2)(jiti@1.21.7)(lightningcss@1.32.0)(rollup@4.60.1)(tsx@4.21.0)(yaml@2.8.3))(react-dom@18.3.1(react@18.3.1))(react@18.3.1)
      '@keystatic/core':
        specifier: ^0.5.50
        version: 0.5.50(@react-spectrum/provider@3.11.0(react-dom@18.3.1(react@18.3.1))(react@18.3.1))(react-dom@18.3.1(react@18.3.1))(react@18.3.1)
      '@marsidev/react-turnstile':
        specifier: ^1.4.2
        version: 1.5.0(react-dom@18.3.1(react@18.3.1))(react@18.3.1)
      '@resvg/resvg-js':
        specifier: ^2.6.2
        version: 2.6.2
      '@resvg/resvg-wasm':
        specifier: ^2.6.2
        version: 2.6.2
      '@sentry/astro':
        specifier: ^10.39.0
        version: 10.48.0(astro@6.4.6(patch_hash=7159446db635b141722ab38b833eeba8e85b6a96f4ca2cce011ede5d5af76a32)(@types/node@25.6.0)(idb-keyval@6.2.2)(jiti@1.21.7)(lightningcss@1.32.0)(rollup@4.60.1)(tsx@4.21.0)(yaml@2.8.3))(rollup@4.60.1)
      '@sentry/cloudflare':
        specifier: 10.48.0
        version: 10.48.0(@cloudflare/workers-types@4.20260702.1)
      '@supabase/ssr':
        specifier: ^0.8.0
        version: 0.8.0(@supabase/supabase-js@2.103.1)
      '@supabase/supabase-js':
        specifier: ^2.90.0
        version: 2.103.1
      astro:
        specifier: 6.4.6
        version: 6.4.6(patch_hash=7159446db635b141722ab38b833eeba8e85b6a96f4ca2cce011ede5d5af76a32)(@types/node@25.6.0)(idb-keyval@6.2.2)(jiti@1.21.7)(lightningcss@1.32.0)(rollup@4.60.1)(tsx@4.21.0)(yaml@2.8.3)
      google-auth-library:
        specifier: ^10.5.0
        version: 10.6.2
      react:
        specifier: ^18.3.1
        version: 18.3.1
      react-dom:
        specifier: ^18.3.1
        version: 18.3.1(react@18.3.1)
      resend:
        specifier: ^6.7.0
        version: 6.11.0
      satori:
        specifier: ^0.19.2
        version: 0.19.3
      satori-html:
        specifier: ^0.3.2
        version: 0.3.2
      stripe:
        specifier: ^20.1.2
        version: 20.4.1(@types/node@25.6.0)
      typescript:
        specifier: ^5.9.3
        version: 5.9.3
      zod:
        specifier: ^4.3.6
        version: 4.3.6
    devDependencies:
      '@astrojs/cloudflare':
        specifier: ^13.6.1
        version: 13.6.1(@types/node@25.6.0)(astro@6.4.6(patch_hash=7159446db635b141722ab38b833eeba8e85b6a96f4ca2cce011ede5d5af76a32)(@types/node@25.6.0)(idb-keyval@6.2.2)(jiti@1.21.7)(lightningcss@1.32.0)(rollup@4.60.1)(tsx@4.21.0)(yaml@2.8.3))(jiti@1.21.7)(lightningcss@1.32.0)(tsx@4.21.0)(workerd@1.20260702.1)(wrangler@4.107.1(@cloudflare/workers-types@4.20260702.1))(yaml@2.8.3)
      '@axe-core/playwright':
        specifier: ^4.11.0
        version: 4.11.1(playwright-core@1.59.1)
      '@eslint/js':
        specifier: ^9.17.0
        version: 9.39.4
      '@playwright/test':
        specifier: ^1.57.0
        version: 1.59.1
      '@tailwindcss/typography':
        specifier: ^0.5.19
        version: 0.5.19(tailwindcss@3.4.19(tsx@4.21.0)(yaml@2.8.3))
      '@testing-library/dom':
        specifier: ^10.4.1
        version: 10.4.1
      '@testing-library/jest-dom':
        specifier: ^6.9.1
        version: 6.9.1
      '@testing-library/react':
        specifier: ^16.3.1
        version: 16.3.2(@testing-library/dom@10.4.1)(@types/react-dom@18.3.7(@types/react@18.3.28))(@types/react@18.3.28)(react-dom@18.3.1(react@18.3.1))(react@18.3.1)
      '@types/react':
        specifier: ^18.3.12
        version: 18.3.28
      '@types/react-dom':
        specifier: ^18.3.1
        version: 18.3.7(@types/react@18.3.28)
      '@vitejs/plugin-react':
        specifier: ^5.2.0
        version: 5.2.0(vite@7.3.5(@types/node@25.6.0)(jiti@1.21.7)(lightningcss@1.32.0)(tsx@4.21.0)(yaml@2.8.3))
      '@vitest/coverage-v8':
        specifier: ^4.0.17
        version: 4.1.4(vitest@4.1.4)
      autoprefixer:
        specifier: ^10.4.20
        version: 10.5.0(postcss@8.5.15)
      dotenv:
        specifier: ^17.2.3
        version: 17.4.2
      eslint:
        specifier: ^9.17.0
        version: 9.39.4(jiti@1.21.7)
      eslint-plugin-react-hooks:
        specifier: ^5.0.0
        version: 5.2.0(eslint@9.39.4(jiti@1.21.7))
      eslint-plugin-react-refresh:
        specifier: ^0.4.16
        version: 0.4.26(eslint@9.39.4(jiti@1.21.7))
      globals:
        specifier: ^15.14.0
        version: 15.15.0
      jsdom:
        specifier: ^27.4.0
        version: 27.4.0
      lighthouse:
        specifier: 13.4.1
        version: 13.4.1(yauzl@2.10.0)
      msw:
        specifier: ^2.12.7
        version: 2.13.3(@types/node@25.6.0)(typescript@5.9.3)
      playwright:
        specifier: ^1.57.0
        version: 1.59.1
      postcss:
        specifier: 8.5.15
        version: 8.5.15
      tailwindcss:
        specifier: ^3.4.17
        version: 3.4.19(tsx@4.21.0)(yaml@2.8.3)
      tsx:
        specifier: ^4.21.0
        version: 4.21.0
      typescript-eslint:
        specifier: ^8.53.0
        version: 8.58.2(eslint@9.39.4(jiti@1.21.7))(typescript@5.9.3)
      vite:
        specifier: 7.3.5
        version: 7.3.5(@types/node@25.6.0)(jiti@1.21.7)(lightningcss@1.32.0)(tsx@4.21.0)(yaml@2.8.3)
      vitest:
        specifier: ^4.0.17
        version: 4.1.4(@opentelemetry/api@1.9.1)(@types/node@25.6.0)(@vitest/coverage-v8@4.1.4)(jsdom@27.4.0)(msw@2.13.3(@types/node@25.6.0)(typescript@5.9.3))(vite@7.3.5(@types/node@25.6.0)(jiti@1.21.7)(lightningcss@1.32.0)(tsx@4.21.0)(yaml@2.8.3))
      wrangler:
        specifier: 4.107.1
        version: 4.107.1(@cloudflare/workers-types@4.20260702.1)

  workers/fulfillment:
    dependencies:
      '@googleapis/calendar':
        specifier: ^14.2.0
        version: 14.2.0
      '@googleapis/docs':
        specifier: ^9.2.0
        version: 9.2.1
      '@googleapis/drive':
        specifier: ^20.0.0
        version: 20.1.0
      '@supabase/supabase-js':
        specifier: ^2.90.0
        version: 2.103.1
      google-auth-library:
        specifier: ^10.5.0
        version: 10.6.2
      resend:
        specifier: ^6.7.0
        version: 6.11.0
    devDependencies:
      '@cloudflare/workers-types':
        specifier: 4.20260702.1
        version: 4.20260702.1
      '@types/node':
        specifier: ^22.10.2
        version: 22.19.19
      typescript:
        specifier: ^5.9.3
        version: 5.9.3
      wrangler:
        specifier: 4.107.1
        version: 4.107.1(@cloudflare/workers-types@4.20260702.1)

packages:

  '@0no-co/graphql.web@1.2.0':
    resolution: {integrity: sha512-/1iHy9TTr63gE1YcR5idjx8UREz1s0kFhydf3bBLCXyqjhkIc6igAzTOx3zPifCwFR87tsh/4Pa9cNts6d2otw==}
    peerDependencies:
      graphql: ^14.0.0 || ^15.0.0 || ^16.0.0
    peerDependenciesMeta:
      graphql:
        optional: true

  '@acemir/cssom@0.9.31':
    resolution: {integrity: sha512-ZnR3GSaH+/vJ0YlHau21FjfLYjMpYVIzTD8M8vIEQvIGxeOXyXdzCI140rrCY862p/C/BbzWsjc1dgnM9mkoTA==}

  '@adobe/css-tools@4.4.4':
    resolution: {integrity: sha512-Elp+iwUx5rN5+Y8xLt5/GRoG20WGoDCQ/1Fb+1LiGtvwbDavuSk0jhD/eZdckHAuzcDzccnkv+rEjyWfRx18gg==}

  '@adobe/react-spectrum-ui@1.2.1':
    resolution: {integrity: sha512-wcrbEE2O/9WnEn6avBnaVRRx88S5PLFsPLr4wffzlbMfXeQsy+RMQwaJd3cbzrn18/j04Isit7f7Emfn0dhrJA==}
    peerDependencies:
      react: ^16.8.0 || ^17.0.0-rc.1 || ^18.0.0 || ^19.0.0
      react-dom: ^16.8.0 || ^17.0.0-rc.1 || ^18.0.0 || ^19.0.0

  '@adobe/react-spectrum-workflow@2.3.5':
    resolution: {integrity: sha512-b53VIPwPWKb/T5gzE3qs+QlGP5gVrw/LnWV3xMksDU+CRl3rzOKUwxIGiZO8ICyYh1WiyqY4myGlPU/nAynBUg==}
    peerDependencies:
      react: ^16.8.0 || ^17.0.0-rc.1 || ^18.0.0 || ^19.0.0
      react-dom: ^16.8.0 || ^17.0.0-rc.1 || ^18.0.0 || ^19.0.0

  '@adobe/react-spectrum@3.47.0':
    resolution: {integrity: sha512-EDQuMzz0kUeiMUUlxoeLFQyyxOXaAC7qlBw2PYOUfFLYd87xcV7VVV0JxiYx8zGk1IIY3UgQHgXrS1fv7CgezQ==}
    peerDependencies:
      react: ^16.8.0 || ^17.0.0-rc.1 || ^18.0.0 || ^19.0.0-rc.1
      react-dom: ^16.8.0 || ^17.0.0-rc.1 || ^18.0.0 || ^19.0.0-rc.1

  '@alloc/quick-lru@5.2.0':
    resolution: {integrity: sha512-UrcABB+4bUrFABwbluTIBErXwvbsU/V7TZWfmbgJfbkwiBuziS9gxdODUyuiecfdGQ85jglMW6juS3+z5TsKLw==}
    engines: {node: '>=10'}

  '@asamuzakjp/css-color@4.1.2':
    resolution: {integrity: sha512-NfBUvBaYgKIuq6E/RBLY1m0IohzNHAYyaJGuTK79Z23uNwmz2jl1mPsC5ZxCCxylinKhT1Amn5oNTlx1wN8cQg==}

  '@asamuzakjp/dom-selector@6.8.1':
    resolution: {integrity: sha512-MvRz1nCqW0fsy8Qz4dnLIvhOlMzqDVBabZx6lH+YywFDdjXhMY37SmpV1XFX3JzG5GWHn63j6HX6QPr3lZXHvQ==}

  '@asamuzakjp/nwsapi@2.3.9':
    resolution: {integrity: sha512-n8GuYSrI9bF7FFZ/SjhwevlHc8xaVlb/7HmHelnc/PZXBD2ZR49NnN9sMMuDdEGPeeRQ5d0hqlSlEpgCX3Wl0Q==}

  '@astrojs/check@0.9.8':
    resolution: {integrity: sha512-LDng8446QLS5ToKjRHd3bgUdirvemVVExV7nRyJfW2wV36xuv7vDxwy5NWN9zqeSEDgg0Tv84sP+T3yEq+Zlkw==}
    hasBin: true
    peerDependencies:
      typescript: ^5.0.0

  '@astrojs/cloudflare@13.6.1':
    resolution: {integrity: sha512-/ghjke33zKmSd2U0IJsmWzZG2ikzwxPm7WAzNjzlIj91oL3rC8GFGcivynVLs6EbcuMct5rY98LuN4uonEKOdw==}
    peerDependencies:
      astro: 6.4.6
      wrangler: ^4.83.0

  '@astrojs/compiler@2.13.1':
    resolution: {integrity: sha512-f3FN83d2G/v32ipNClRKgYv30onQlMZX1vCeZMjPsMMPl1mDpmbl0+N5BYo4S/ofzqJyS5hvwacEo0CCVDn/Qg==}

  '@astrojs/compiler@4.0.0':
    resolution: {integrity: sha512-eouss7G8ygdZqHuke033VMcVw5HTZUu+PXd/h06DGDUg/jt5btPYPqh66ENWw/mU78rBrf/oeC4oqoBwMtDMNA==}

  '@astrojs/internal-helpers@0.10.0':
    resolution: {integrity: sha512-Ry2R3VPeIN4uPCSA4xQc+e+vsJXkalKpEbDc07hV+a/o5Bs2N/s/uDcPJH/05L19DKh9tAy7e6JM3YZ6Cxfezw==}

  '@astrojs/language-server@2.16.6':
    resolution: {integrity: sha512-N990lu+HSFiG57owR0XBkr02BYMgiLCshLf+4QG4v6jjSWkBeQGnzqi+E1L08xFPPJ7eEeXnxPXGLaVv5pa4Ug==}
    hasBin: true
    peerDependencies:
      prettier: ^3.0.0
      prettier-plugin-astro: '>=0.11.0'
    peerDependenciesMeta:
      prettier:
        optional: true
      prettier-plugin-astro:
        optional: true

  '@astrojs/markdoc@1.0.6':
    resolution: {integrity: sha512-QuzQmQMdxlp/8l1tSnyIOs4pqCu2Phs4hlpRsBjMOdwz0vjiiAK7q+7P6tRCXnEb/qI2HopcO7QLosEdaj/TTg==}
    engines: {node: '>=22.12.0'}
    peerDependencies:
      astro: 6.4.6

  '@astrojs/markdown-remark@7.2.0':
    resolution: {integrity: sha512-+YxmVQu1Bd+MFfSzjq1rOJvD9+nIOJzz5YIIhdIH01RrxRkKbyKoEgyIqP3yv51MhzMDgd79QaPv+kCVPT8vHw==}

  '@astrojs/prism@4.0.2':
    resolution: {integrity: sha512-KTivpmnz6lDsC6o9H4+DNm2SrE/GHzw8cNAvEJwAvUT+eoaEnn/4NtbDNfRRaxaJHdp15gf+tfHAWiXR4wB3BA==}
    engines: {node: '>=22.12.0'}

  '@astrojs/react@5.0.7':
    resolution: {integrity: sha512-N9cCoxvnLWaP+AK1Fv4e5Mc7ktnVTpSo2nWLwvD9Ohr1dJKygwrTSm9yatqoahgb1A5Kwjg/rT2shRiIVdn3aw==}
    engines: {node: '>=22.12.0'}
    peerDependencies:
      '@types/react': ^17.0.50 || ^18.0.21 || ^19.0.0
      '@types/react-dom': ^17.0.17 || ^18.0.6 || ^19.0.0
      react: ^17.0.2 || ^18.0.0 || ^19.0.0
      react-dom: ^17.0.2 || ^18.0.0 || ^19.0.0

  '@astrojs/rss@4.0.18':
    resolution: {integrity: sha512-wc5DwKlbTEdgVAWnHy8krFTeQ42t1v/DJqeq5HtulYK3FYHE4krtRGjoyhS3eXXgfdV6Raoz2RU3wrMTFAitRg==}

  '@astrojs/tailwind@6.0.2':
    resolution: {integrity: sha512-j3mhLNeugZq6A8dMNXVarUa8K6X9AW+QHU9u3lKNrPLMHhOQ0S7VeWhHwEeJFpEK1BTKEUY1U78VQv2gN6hNGg==}
    peerDependencies:
      astro: 6.4.6
      tailwindcss: ^3.0.24

  '@astrojs/telemetry@3.3.2':
    resolution: {integrity: sha512-j8DNruA8ors99Al39RYZPJK4DC1bKkoNm93mAMuBhY9TCNC4R8n1q7ovFnJ5qhGh5Lsh7pa1gpQVpYpsJPeTHQ==}
    engines: {node: 18.20.8 || ^20.3.0 || >=22.0.0}

  '@astrojs/underscore-redirects@1.0.3':
    resolution: {integrity: sha512-cxnGSw+sJigBLdX4TMSZKkzV6C3gMLJMucDk2W+n281Xhie68T2/9f1+1NMNDCZsc5i0FED7Qt5I10g2O9wtZg==}

  '@astrojs/yaml2ts@0.2.3':
    resolution: {integrity: sha512-PJzRmgQzUxI2uwpdX2lXSHtP4G8ocp24/t+bZyf5Fy0SZLSF9f9KXZoMlFM/XCGue+B0nH/2IZ7FpBYQATBsCg==}

  '@axe-core/playwright@4.11.1':
    resolution: {integrity: sha512-mKEfoUIB1MkVTht0BGZFXtSAEKXMJoDkyV5YZ9jbBmZCcWDz71tegNsdTkIN8zc/yMi5Gm2kx7Z5YQ9PfWNAWw==}
    peerDependen×xókh‘éì¶»§q«^wÛ[X[™\ŽˆLKŒKŒˆÜÜË\Ù[XÝˆKŒ‹Œ‚ˆÜÜË]™YNˆËŒ‹ŒBˆÜÜË]Ú]ˆ‹Œ‹Œ‚ˆÜÜÛÎˆKŒBˆXÛØÛÛÜœÎˆKŒKŒBˆØ^ˆK‹Œ‚ˆÝš^KŽLŒ‚ˆ\[™[˜ÚY\Î‚ˆÝ[™\™ÙXšÛÚÜÎˆKŒŒˆ]ZYˆMŒŒB‚ˆÞ[X›Û]™YPËŒ‹ˆßB‚ˆX˜˜X›P‹ŒˆßB‚ˆYÙÙY]YÐKŒŒˆßB‚ˆZ[Ú[™ÜÜÐËŒNJÞŒŒKŒ
JX[[‹ŽŒÊN‚ˆ\[™[˜ÚY\Î‚ˆ	Ð[ØËÜ]ZXÚË[IÎˆKŒ‹Œˆ\™ÎˆKŒŒ‚ˆÚÚÚY\ŽˆË‹ŒˆY[Ý[YX[ŽˆKŒ‹Œ‚ˆŽˆKŒKŒÂˆ˜\ÝYÛØŽˆËŒËŒÂˆÛØ‹\\™[ˆ‹ŒŒ‚ˆ\ËYÛØŽˆŒŒÂˆš]NˆKŒŒKÂˆ[ÛÛ™šYÎˆËŒKŒÂˆZXÜ›ÛX]ÚˆŒŽˆ›Ü›X[^™K\]ˆËŒŒˆØš™XÝZ\ÚˆËŒŒˆXÛØÛÛÜœÎˆKŒKŒBˆÜÝÜÜÎˆKŒMBˆÜÝÜÜËZ[\ÜˆMKŒKŒ
ÜÝÜÜÐKŒMJBˆÜÝÜÜËZœÎˆŒKŒ
ÜÝÜÜÐKŒMJBˆÜÝÜÜË[ØYXÛÛ™šYÎˆ‹ŒŒJš]PKŒŒKÊJÜÝÜÜÐKŒMJJÞŒŒKŒ
JX[[‹ŽŒÊBˆÜÝÜÜË[™\ÝYˆ‹Œ‹Œ
ÜÝÜÜÐKŒMJBˆÜÝÜÜË\Ù[XÝÜ‹\\œÙ\Žˆ‹ŒKŒ‚ˆ™\ÛÛ™NˆKŒŒ‹ŒL‚ˆÝXÜ˜\ÙNˆËŒÍKŒBˆ˜[œÚ]]™TY\‘\[™[˜ÚY\Î‚ˆHÞˆHX[[‚ˆ[šYžKX[K‹Œ‚ˆ\[™[˜ÚY\Î‚ˆ[šYžNˆËŒËŒB‚ˆ[šYžPËŒËŒN‚ˆ\[™[˜ÚY\Î‚ˆ[žK\›ÛZ\ÙNˆKŒËŒ‚ˆ\™\\K]ÙXŒŽKŒŽˆßB‚ˆ[žKZ[™›]PKŒŒÎˆßB‚ˆ[žKZ[˜\šX[KŒŽˆßB‚ˆ[žK]Ø\›š[™ÐKŒŒÎˆßB‚ˆ[žX™[˜Ú‹ŽKŒˆßB‚ˆ[žXÛ\ŒKŒMˆßB‚ˆ[žY^XÐKŒKŒNˆßB‚ˆ[žYÛØ˜žPŒ‹ŒMŽ‚ˆ\[™[˜ÚY\Î‚ˆ™\Žˆ‹KŒ
XÛÛX]ÚŒ
BˆXÛÛX]ÚˆŒ‚ˆ[žYÛØ˜žPŒ‹ŒMÎ‚ˆ\[™[˜ÚY\Î‚ˆ™\Žˆ‹KŒ
XÛÛX]ÚŒ
BˆXÛÛX]ÚˆŒ‚ˆ[ž\˜Z[˜›ÝÐËŒKŒˆßB‚ˆËXÛÜ™PËŒŒŽˆßB‚ˆËXÛÜ™PËŽNˆßB‚ˆËZXØ[›ËŽN‚ˆ\[™[˜ÚY\Î‚ˆËXÛÜ™NˆËŽB‚ˆÐËŒŒŽ‚ˆ\[™[˜ÚY\Î‚ˆËXÛÜ™NˆËŒŒŽ‚ˆË\™YÙ^\˜[™ÙPKŒŒN‚ˆ\[™[˜ÚY\Î‚ˆ\Ë[[X™\ŽˆËŒŒ‚ˆÝYÚXÛÛÚÚYP‹ŒŒN‚ˆ\[™[˜ÚY\Î‚ˆÎˆËŒŒŽ‚ˆŒŒÎˆßB‚ˆ‹ŒŒ‚ˆ\[™[˜ÚY\Î‚ˆ[žXÛÙNˆ‹ŒËŒB‚ˆš[K[[™\ÐËŒŒNˆßB‚ˆ›ÝYÚ‹Œ‹ŒˆßB‚ˆËX\K]][Ð‹KŒ
\\ØÜš\KŽKŒÊN‚ˆ\[™[˜ÚY\Î‚ˆ\\ØÜš\ˆKŽKŒÂ‚ˆËZ[\™˜XÙKXÚXÚÙ\ŒKŒLÎˆßB‚ˆÛX‹ŽŒNˆßB‚ˆÞŒŒKŒ‚ˆ\[™[˜ÚY\Î‚ˆ\ØZ[ˆŒŽŒBˆÙ]]ØÛÛ™šYÎˆŒMŒˆÜ[Û˜[\[™[˜ÚY\Î‚ˆœÙ]™[Îˆ‹ŒËŒÂ‚ˆ\KXÚXÚÐŒ‚ˆ\[™[˜ÚY\Î‚ˆ™[YK[ÎˆKŒ‹ŒB‚ˆ\KY™\ÝKŒˆßB‚ˆ\KY™\ÝKKŒ‚ˆ\[™[˜ÚY\Î‚ˆYÙÙY]YÎˆKŒŒ‚ˆ\Y\]Y\žK\Ù[XÝÜ‹ŒL‹ŒŽˆßB‚ˆ\\ØY™K\]Œ‹ŒŽˆßB‚ˆ\\ØÜš\X]]ËZ[\ÜXØXÚPŒËŽ‚ˆ\[™[˜ÚY\Î‚ˆÙ[]™\ŽˆËË‚ˆ\\ØÜš\Y\Û[NŒŠ\Û[KŒÎK
š]PKŒŒKÊJJ\\ØÜš\KŽKŒÊN‚ˆ\[™[˜ÚY\Î‚ˆ	Ð\\ØÜš\Y\Û[Ù\Û[\YÚ[‰ÎˆNŒŠ\\ØÜš\Y\Û[Ü\œÙ\NŒŠ\Û[KŒÎK
š]PKŒŒKÊJJ\\ØÜš\KŽKŒÊJJ\Û[KŒÎK
š]PKŒŒKÊJJ\\ØÜš\KŽKŒÊBˆ	Ð\\ØÜš\Y\Û[Ü\œÙ\‰ÎˆNŒŠ\Û[KŒÎK
š]PKŒŒKÊJJ\\ØÜš\KŽKŒÊBˆ	Ð\\ØÜš\Y\Û[Ý\\ØÜš\Y\Ý™YIÎˆNŒŠ\\ØÜš\KŽKŒÊBˆ	Ð\\ØÜš\Y\Û[Ý][ÉÎˆNŒŠ\Û[KŒÎK
š]PKŒŒKÊJJ\\ØÜš\KŽKŒÊBˆ\Û[ˆKŒÎK
š]PKŒŒKÊBˆ\\ØÜš\ˆKŽKŒÂˆ˜[œÚ]]™TY\‘\[™[˜ÚY\Î‚ˆHÝ\ÜËXÛÛÜ‚‚ˆ\\ØÜš\KŽKŒÎˆßB‚ˆY›ÐK‹ŒÎˆßB‚ˆ[˜Z[K‹ŒˆßB‚ˆ[˜Üž\ÐŒKŒÎˆßB‚ˆ[™XÚK]\\Ð‹ŒŒKŒˆßB‚ˆ[™XÚK]\\ÐËŒNKŒŽ‚ˆÜ[Û˜[ˆYB‚ˆ[™XÚPËŒŽŒˆßB‚ˆ[™XÚPKŒˆßB‚ˆ[™[‹ŒŒ\˜ËŒ‚ˆ\[™[˜ÚY\Î‚ˆ]Nˆ‹ŒŒÂ‚ˆ[šXÛÙK]šYP‹ŒŒ‚ˆ\[™[˜ÚY\Î‚ˆZÛÎˆŒ‹ŽBˆ[žKZ[™›]NˆKŒŒÂ‚ˆ[šYšYYLKŒN‚ˆ\[™[˜ÚY\Î‚ˆ	Ð\\ËÝ[š\Ý	ÎˆËŒŒÂˆ˜Z[ˆ‹ŒŒ‚ˆ]›ÜˆKŒKŒˆ^[™ˆËŒŒ‚ˆ\Ë\Z[‹[ØšŽˆŒKŒˆ›ÝYÚˆ‹Œ‹Œˆ™š[Nˆ‹ŒŒÂ‚ˆ[šY›ÛË‚ˆ\[™[˜ÚY\Î‚ˆÜÜË]™YNˆËŒ‹ŒBˆÙ™]ÚˆKKŒBˆÚ\Úˆ‹ŒŒLB‚ˆ[š\Ý]][Yš[™XY\KŒŒ‚ˆ\[™[˜ÚY\Î‚ˆ	Ð\\ËÝ[š\Ý	ÎˆËŒŒÂˆ[š\Ý]][Z\Îˆ‹ŒŒB‚ˆ[š\Ý]][Z\Ð‹ŒŒN‚ˆ\[™[˜ÚY\Î‚ˆ	Ð\\ËÝ[š\Ý	ÎˆËŒŒÂ‚ˆ[š\Ý]][[[ÙYžKXÚ[™[ŒŒ‚ˆ\[™[˜ÚY\Î‚ˆ	Ð\\ËÝ[š\Ý	ÎˆËŒŒÂˆ\œ˜^KZ]\˜]Nˆ‹ŒŒB‚ˆ[š\Ý]][\ÜÚ][Û‹Yœ›ÛKY\Ý™YP‹ŒŒ‚ˆ\[™[˜ÚY\Î‚ˆ	Ð\\ËÝ[š\Ý	ÎˆËŒŒÂ‚ˆ[š\Ý]][\ÜÚ][ÛKŒŒ‚ˆ\[™[˜ÚY\Î‚ˆ	Ð\\ËÝ[š\Ý	ÎˆËŒŒÂ‚ˆ[š\Ý]][\™[[Ý™K\ÜÚ][ÛKŒŒ‚ˆ\[™[˜ÚY\Î‚ˆ	Ð\\ËÝ[š\Ý	ÎˆËŒŒÂˆ[š\Ý]][]š\Ú]ˆKŒKŒ‚ˆ[š\Ý]][\Ýš[™ÚYžK\ÜÚ][ÛŒŒ‚ˆ\[™[˜ÚY\Î‚ˆ	Ð\\ËÝ[š\Ý	ÎˆËŒŒÂ‚ˆ[š\Ý]][]š\Ú]XÚ[™[ËŒŒ‚ˆ\[™[˜ÚY\Î‚ˆ	Ð\\ËÝ[š\Ý	ÎˆËŒŒÂ‚ˆ[š\Ý]][]š\Ú]\\™[Ð‹ŒŒŽ‚ˆ\[™[˜ÚY\Î‚ˆ	Ð\\ËÝ[š\Ý	ÎˆËŒŒÂˆ[š\Ý]][Z\Îˆ‹ŒŒB‚ˆ[š\Ý]][]š\Ú]KŒKŒ‚ˆ\[™[˜ÚY\Î‚ˆ	Ð\\ËÝ[š\Ý	ÎˆËŒŒÂˆ[š\Ý]][Z\Îˆ‹ŒŒBˆ[š\Ý]][]š\Ú]\\™[Îˆ‹ŒŒ‚‚ˆ[œÝÜ˜YÙPKŒMËJY‹ZÙ^]˜[‹Œ‹ŒŠN‚ˆ\[™[˜ÚY\Î‚ˆ[ž[X]ÚˆËŒKŒÂˆÚÚÚY\ŽˆKŒŒˆ\ÝŽˆ‹ŒBˆÎˆKŒMKŒLBˆKXØXÚNˆLKŒËBˆ›ÙKY™]Ú[˜]]™NˆK‹ÂˆÙ™]ÚˆKKŒBˆY›ÎˆK‹ŒÂˆÜ[Û˜[\[™[˜ÚY\Î‚ˆY‹ZÙ^]˜[ˆ‹Œ‹Œ‚‚ˆ[[X\Þ[˜ÐËŒŒŽˆßB‚ˆ\]KXœ›ÝÜÙ\œÛ\ÝYKŒ‹ŒÊœ›ÝÜÙ\œÛ\ÝŒŽŒŠN‚ˆ\[™[˜ÚY\Î‚ˆœ›ÝÜÙ\œÛ\ÝˆŒŽŒ‚ˆ\ØØ[YNˆËŒ‹ŒˆXÛØÛÛÜœÎˆKŒKŒB‚ˆ\šKZœÐŒN‚ˆ\[™[˜ÚY\Î‚ˆ[žXÛÙNˆ‹ŒËŒB‚ˆ\›][\]P‹ŒŽˆßB‚ˆ\œ[Œ‹ŒŠ\œ[ØÛÜ™PKŒ‹Œ
Ü˜\[M‹ŒLËŒŠJJ™XXÝNŒËŒJN‚ˆ\[™[˜ÚY\Î‚ˆ	Ð\œ[ØÛÜ™IÎˆKŒ‹Œ
Ü˜\[M‹ŒLËŒŠBˆ™XXÝˆNŒËŒBˆÛÛšØNˆ‹ŒË‚‚ˆ\ÙK\Þ[˜ËY^\›˜[\ÝÜ™PK‹Œ
™XXÝNŒËŒJN‚ˆ\[™[˜ÚY\Î‚ˆ™XXÝˆNŒËŒB‚ˆ][Y\™XØ]PKŒŒŽˆßB‚ˆ]ZYMŒŒNˆßB‚ˆ™š[K[ØØ][ÛKŒŒÎ‚ˆ\[™[˜ÚY\Î‚ˆ	Ð\\ËÝ[š\Ý	ÎˆËŒŒÂˆ™š[Nˆ‹ŒŒÂ‚ˆ™š[K[Y\ÜØYÙPŒŒÎ‚ˆ\[™[˜ÚY\Î‚ˆ	Ð\\ËÝ[š\Ý	ÎˆËŒŒÂˆ[š\Ý]][\Ýš[™ÚYžK\ÜÚ][ÛŽˆŒŒ‚ˆ™š[P‹ŒŒÎ‚ˆ\[™[˜ÚY\Î‚ˆ	Ð\\ËÝ[š\Ý	ÎˆËŒŒÂˆ™š[K[Y\ÜØYÙNˆŒŒÂ‚ˆš]PËŒËJ\\ËÛ›ÙPK‹Œ
Jš]PKŒŒKÊJYÚš[™ØÜÜÐKŒÌ‹Œ
JÞŒŒKŒ
JX[[‹ŽŒÊN‚ˆ\[™[˜ÚY\Î‚ˆ\ØZ[ˆŒŽŒBˆ™\Žˆ‹KŒ
XÛÛX]ÚŒ
BˆXÛÛX]ÚˆŒˆÜÝÜÜÎˆKŒMBˆ›Û\ˆŒŒBˆ[žYÛØ˜žNˆŒ‹ŒM‚ˆÜ[Û˜[\[™[˜ÚY\Î‚ˆ	Ð\\ËÛ›ÙIÎˆK‹ŒˆœÙ]™[Îˆ‹ŒËŒÂˆš]NˆKŒŒKÂˆYÚš[™ØÜÜÎˆKŒÌ‹ŒˆÞˆŒŒKŒˆX[[ˆ‹ŽŒÂ‚ˆš]YPKŒKŒÊš]PËŒËJ\\ËÛ›ÙPK‹Œ
Jš]PKŒŒKÊJYÚš[™ØÜÜÐKŒÌ‹Œ
JÞŒŒKŒ
JX[[‹ŽŒÊJN‚ˆÜ[Û˜[\[™[˜ÚY\Î‚ˆš]NˆËŒËJ\\ËÛ›ÙPK‹Œ
Jš]PKŒŒKÊJYÚš[™ØÜÜÐKŒÌ‹Œ
JÞŒŒKŒ
JX[[‹ŽŒÊB‚ˆš]\ÝŒK
Ü[[[Y]žKØ\PKŽKŒJJ\\ËÛ›ÙPK‹Œ
Jš]\ÝØÛÝ™\˜YÙK]ŽŒK
JœÙÛPËŒ
J\ÝÐ‹ŒLËŒÊ\\ËÛ›ÙPK‹Œ
J\\ØÜš\KŽKŒÊJJš]PËŒËJ\\ËÛ›ÙPK‹Œ
Jš]PKŒŒKÊJYÚš[™ØÜÜÐKŒÌ‹Œ
JÞŒŒKŒ
JX[[‹ŽŒÊJN‚ˆ\[™[˜ÚY\Î‚ˆ	Ðš]\ÝÙ^XÝ	ÎˆŒKˆ	Ðš]\ÝÛ[ØÚÙ\‰ÎˆŒK
\ÝÐ‹ŒLËŒÊ\\ËÛ›ÙPK‹Œ
J\\ØÜš\KŽKŒÊJJš]PËŒËJ\\ËÛ›ÙPK‹Œ
Jš]PKŒŒKÊJYÚš[™ØÜÜÐKŒÌ‹Œ
JÞŒŒKŒ
JX[[‹ŽŒÊJBˆ	Ðš]\ÝÜ™]KY›Ü›X]	ÎˆŒKˆ	Ðš]\ÝÜ[›™\‰ÎˆŒKˆ	Ðš]\ÝÜÛ˜\ÚÝ	ÎˆŒKˆ	Ðš]\ÝÜÜIÎˆŒKˆ	Ðš]\ÝÝ][ÉÎˆŒKˆ\Ë[[Ù[K[^\Žˆ‹ŒŒˆ^XÝ]\NˆKŒËŒˆXYÚXË\Ýš[™ÎˆŒÌŒŒBˆØYÎˆ‹ŒKŒBˆ]Nˆ‹ŒŒÂˆXÛÛX]ÚˆŒˆÝY[ŽˆŒKŒˆ[žX™[˜Úˆ‹ŽKŒˆ[žY^XÎˆKŒKŒBˆ[žYÛØ˜žNˆŒ‹ŒM‚ˆ[ž\˜Z[˜›ÝÎˆËŒKŒˆš]NˆËŒËJ\\ËÛ›ÙPK‹Œ
Jš]PKŒŒKÊJYÚš[™ØÜÜÐKŒÌ‹Œ
JÞŒŒKŒ
JX[[‹ŽŒÊBˆÚKZ\Ë[›ÙK\[›š[™Îˆ‹ŒËŒˆÜ[Û˜[\[™[˜ÚY\Î‚ˆ	ÐÜ[[[Y]žKØ\IÎˆKŽKŒBˆ	Ð\\ËÛ›ÙIÎˆK‹Œˆ	Ðš]\ÝØÛÝ™\˜YÙK]Ž	ÎˆŒK
š]\ÝŒK
BˆœÙÛNˆËŒˆ˜[œÚ]]™TY\‘\[™[˜ÚY\Î‚ˆH\ÝÂ‚ˆ›Û\‹\Ù\šXÙKXÜÜÐŒÌ
›Û\‹Û[™ÝXYÙK\Ù\šXÙP‹ŒŽ
N‚ˆ\[™[˜ÚY\Î‚ˆœØÛÙKXÜÜË[[™ÝXYÙ\Ù\šXÙNˆ‹ŒËŒLˆœØÛÙK[[™ÝXYÙ\Ù\™\‹]^ØÝ[Y[ˆKŒŒL‚ˆœØÛÙK]\šNˆËŒKŒˆÜ[Û˜[\[™[˜ÚY\Î‚ˆ	Ð›Û\‹Û[™ÝXYÙK\Ù\šXÙIÎˆ‹ŒŽ‚ˆ›Û\‹\Ù\šXÙKY[[Y]ŒÌ
›Û\‹Û[™ÝXYÙK\Ù\šXÙP‹ŒŽ
N‚ˆ\[™[˜ÚY\Î‚ˆ	Ð[[Y][ËØÜÜË\\œÙ\‰ÎˆŒBˆ	Ð[[Y][ËÚ[[X]Ú\‰ÎˆKŒËŒˆ	ÐœØÛÙKÙ[[Y]Z[\‰Îˆ‹ŒLKŒˆœØÛÙK]\šNˆËŒKŒˆÜ[Û˜[\[™[˜ÚY\Î‚ˆ	Ð›Û\‹Û[™ÝXYÙK\Ù\šXÙIÎˆ‹ŒŽ‚ˆ›Û\‹\Ù\šXÙKZ[ŒÌ
›Û\‹Û[™ÝXYÙK\Ù\šXÙP‹ŒŽ
N‚ˆ\[™[˜ÚY\Î‚ˆœØÛÙKZ[[[™ÝXYÙ\Ù\šXÙNˆK‹Œ‚ˆœØÛÙK[[™ÝXYÙ\Ù\™\‹]^ØÝ[Y[ˆKŒŒL‚ˆœØÛÙK]\šNˆËŒKŒˆÜ[Û˜[\[™[˜ÚY\Î‚ˆ	Ð›Û\‹Û[™ÝXYÙK\Ù\šXÙIÎˆ‹ŒŽ‚ˆ›Û\‹\Ù\šXÙK\™]Y\ŒÌ
›Û\‹Û[™ÝXYÙK\Ù\šXÙP‹ŒŽ
J™]Y\ËŽŒÊN‚ˆ\[™[˜ÚY\Î‚ˆœØÛÙK]\šNˆËŒKŒˆÜ[Û˜[\[™[˜ÚY\Î‚ˆ	Ð›Û\‹Û[™ÝXYÙK\Ù\šXÙIÎˆ‹ŒŽˆ™]Y\ŽˆËŽŒÂ‚ˆ›Û\‹\Ù\šXÙK]\\ØÜš\]ÛÜÛ\Ú\]Y\šY\ÐŒÌ
›Û\‹Û[™ÝXYÙK\Ù\šXÙP‹ŒŽ
N‚ˆ\[™[˜ÚY\Î‚ˆœØÛÙK]\šNˆËŒKŒˆÜ[Û˜[\[™[˜ÚY\Î‚ˆ	Ð›Û\‹Û[™ÝXYÙK\Ù\šXÙIÎˆ‹ŒŽ‚ˆ›Û\‹\Ù\šXÙK]\\ØÜš\ŒÌ
›Û\‹Û[™ÝXYÙK\Ù\šXÙP‹ŒŽ
N‚ˆ\[™[˜ÚY\Î‚ˆ]Xœ›ÝÜÙ\šYžNˆKŒŒBˆÙ[]™\ŽˆËËˆ\\ØÜš\X]]ËZ[\ÜXØXÚNˆŒË‚ˆœØÛÙK[[™ÝXYÙ\Ù\™\‹]^ØÝ[Y[ˆKŒŒL‚ˆœØÛÙK[›ÎˆKŒ‹ŒˆœØÛÙK]\šNˆËŒKŒˆÜ[Û˜[\[™[˜ÚY\Î‚ˆ	Ð›Û\‹Û[™ÝXYÙK\Ù\šXÙIÎˆ‹ŒŽ‚ˆ›Û\‹\Ù\šXÙK^X[[ŒÌ
›Û\‹Û[™ÝXYÙK\Ù\šXÙP‹ŒŽ
N‚ˆ\[™[˜ÚY\Î‚ˆœØÛÙK]\šNˆËŒKŒˆX[[[[™ÝXYÙK\Ù\™\ŽˆKŒŒŒˆÜ[Û˜[\[™[˜ÚY\Î‚ˆ	Ð›Û\‹Û[™ÝXYÙK\Ù\šXÙIÎˆ‹ŒŽ‚ˆœØÛÙKXÜÜË[[™ÝXYÙ\Ù\šXÙP‹ŒËŒL‚ˆ\[™[˜ÚY\Î‚ˆ	ÐœØÛÙKÛL‰ÎˆŒŒNˆœØÛÙK[[™ÝXYÙ\Ù\™\‹]^ØÝ[Y[ˆKŒŒL‚ˆœØÛÙK[[™ÝXYÙ\Ù\™\‹]\\ÎˆËŒMËBˆœØÛÙK]\šNˆËŒKŒ‚ˆœØÛÙKZ[[[™ÝXYÙ\Ù\šXÙPK‹ŒŽ‚ˆ\[™[˜ÚY\Î‚ˆ	ÐœØÛÙKÛL‰ÎˆŒŒNˆœØÛÙK[[™ÝXYÙ\Ù\™\‹]^ØÝ[Y[ˆKŒŒL‚ˆœØÛÙK[[™ÝXYÙ\Ù\™\‹]\\ÎˆËŒMËBˆœØÛÙK]\šNˆËŒKŒ‚ˆœØÛÙKZœÛÛ‹[[™ÝXYÙ\Ù\šXÙPŒKŽ‚ˆ\[™[˜ÚY\Î‚ˆœÛÛ˜Ë\\œÙ\ŽˆËŒËŒBˆœØÛÙK[[™ÝXYÙ\Ù\™\‹]^ØÝ[Y[ˆKŒŒL‚ˆœØÛÙK[[™ÝXYÙ\Ù\™\‹]\\ÎˆËŒMËBˆœØÛÙK[›ÎˆKŒ‹ŒˆœØÛÙK]\šNˆËŒKŒ‚ˆœØÛÙKZœÛÛœœÐŒ‹ŒˆßB‚ˆœØÛÙK[[™ÝXYÙ\Ù\™\‹\›ÝØÛÛËŒMËN‚ˆ\[™[˜ÚY\Î‚ˆœØÛÙKZœÛÛœœÎˆŒ‹ŒˆœØÛÙK[[™ÝXYÙ\Ù\™\‹]\\ÎˆËŒMËB‚ˆœØÛÙK[[™ÝXYÙ\Ù\™\‹]^ØÝ[Y[KŒŒLŽˆßB‚ˆœØÛÙK[[™ÝXYÙ\Ù\™\‹]\\ÐËŒMËNˆßB‚ˆœØÛÙK[[™ÝXYÙ\Ù\™\KŒŒN‚ˆ\[™[˜ÚY\Î‚ˆœØÛÙK[[™ÝXYÙ\Ù\™\‹\›ÝØÛÛˆËŒMËB‚ˆœØÛÙK[›ÐKŒ‹ŒˆßB‚ˆœØÛÙK]\šPËŒKŒˆßB‚ˆÌØËZÙ^[˜[YP‹Œ‹ŽˆßB‚ˆÌØË^[Ù\šX[^™\KŒŒ‚ˆ\[™[˜ÚY\Î‚ˆ[[˜[YK]˜[Y]ÜŽˆKŒŒ‚ˆÙX‹Y™X]\™\ÐËŒÍŒŽˆßB‚ˆÙX‹[˜[Y\ÜXÙ\Ð‹ŒŒNˆßB‚ˆÙX‹\Ý™X[\Ë\ÛYš[ËŒËŒÎˆßB‚ˆÙX™š]™\‹XšYK\›ÝØÛÛŒŽˆßB‚ˆÙXšYXÛÛ™\œÚ[ÛœÐËŒŒNˆßB‚ˆÙXšYXÛÛ™\œÚ[ÛœÐŒŒNˆßB‚ˆÚ]ÙË[Z[Y]\PŒŒˆßB‚ˆÚ]ÙË[Z[Y]\PKŒŒˆßB‚ˆÚ]ÙË]\›MKŒKŒ‚ˆ\[™[˜ÚY\Î‚ˆŽˆ‹ŒŒˆÙXšYXÛÛ™\œÚ[ÛœÎˆŒŒB‚ˆÚ]ÙË]\›KŒŒ‚ˆ\[™[˜ÚY\Î‚ˆŽˆŒŒÂˆÙXšYXÛÛ™\œÚ[ÛœÎˆËŒŒB‚ˆÚ[‹Y^]‹ŒKNˆßB‚ˆÚXÚ\K\[œÐKŒKŒˆßB‚ˆÚXÚ‹ŒŒŽ‚ˆ\[™[˜ÚY\Î‚ˆ\Ù^Nˆ‹ŒŒ‚ˆÚKZ\Ë[›ÙK\[›š[™Ð‹ŒËŒ‚ˆ\[™[˜ÚY\Î‚ˆÚYÚ[™›Îˆ‹ŒŒˆÝXÚØ˜XÚÎˆŒŒ‚‚ˆÛÛšØP‹ŒËŽˆßB‚ˆÛÜ™]Ü˜\KŒ‹NˆßB‚ˆÛÜšÙ\™KŒŒŒŒKŒN‚ˆÜ[Û˜[\[™[˜ÚY\Î‚ˆ	ÐÛÝY›\™KÝÛÜšÙ\™Y\Ú[‹M	ÎˆKŒŒŒŒKŒBˆ	ÐÛÝY›\™KÝÛÜšÙ\™Y\Ú[‹X\›M	ÎˆKŒŒŒŒKŒBˆ	ÐÛÝY›\™KÝÛÜšÙ\™[[^M	ÎˆKŒŒŒŒKŒBˆ	ÐÛÝY›\™KÝÛÜšÙ\™[[^X\›M	ÎˆKŒŒŒŒKŒBˆ	ÐÛÝY›\™KÝÛÜšÙ\™]Ú[™ÝÜËM	ÎˆKŒŒŒŒKŒB‚ˆÛÜšÙ\™KŒŒŒÌ‹ŒN‚ˆÜ[Û˜[\[™[˜ÚY\Î‚ˆ	ÐÛÝY›\™KÝÛÜšÙ\™Y\Ú[‹M	ÎˆKŒŒŒÌ‹ŒBˆ	ÐÛÝY›\™KÝÛÜšÙ\™Y\Ú[‹X\›M	ÎˆKŒŒŒÌ‹ŒBˆ	ÐÛÝY›\™KÝÛÜšÙ\™[[^M	ÎˆKŒŒŒÌ‹ŒBˆ	ÐÛÝY›\™KÝÛÜšÙ\™[[^X\›M	ÎˆKŒŒŒÌ‹ŒBˆ	ÐÛÝY›\™KÝÛÜšÙ\™]Ú[™ÝÜËM	ÎˆKŒŒŒÌ‹ŒB‚ˆÜ˜[™Û\ŒLËŒJÛÝY›\™KÝÛÜšÙ\œË]\\ÐŒŒŒÌ‹ŒJN‚ˆ\[™[˜ÚY\Î‚ˆ	ÐÛÝY›\™KÚÝ‹X\ÜÙ]Z[™\‰ÎˆKŒˆ	ÐÛÝY›\™KÝ[™[‹\™\Ù]	Îˆ‹ŒM‹ŒJ[™[‹ŒŒ\˜ËŒ
JÛÜšÙ\™KŒŒŒÌ‹ŒJBˆ›ZÙLË]Ø\ÛNˆ‹ŒKBˆ\ØZ[ˆŒŽŒBˆZ[šY›\™NˆŒŒŒÌ‹Œˆ]]Ë\™YÙ^ˆ‹ŒËŒˆ[™[Žˆ‹ŒŒ\˜ËŒˆÛÜšÙ\™ˆKŒŒŒÌ‹ŒBˆÜ[Û˜[\[™[˜ÚY\Î‚ˆ	ÐÛÝY›\™KÝÛÜšÙ\œË]\\ÉÎˆŒŒŒÌ‹ŒBˆœÙ]™[Îˆ‹ŒËŒÂˆ˜[œÚ]]™TY\‘\[™[˜ÚY\Î‚ˆHY™™\][ˆH]‹N]˜[Y]B‚ˆÜ˜\X[œÚP‹Œ‹Œ‚ˆ\[™[˜ÚY\Î‚ˆ[œÚK\Ý[\ÎˆŒËŒˆÝš[™Ë]ÚYˆŒ‹ŒÂˆÝš\X[œÚNˆ‹ŒŒB‚ˆÜ˜\X[œÚPËŒŒ‚ˆ\[™[˜ÚY\Î‚ˆ[œÚK\Ý[\ÎˆŒËŒˆÝš[™Ë]ÚYˆŒ‹ŒÂˆÝš\X[œÚNˆ‹ŒŒB‚ˆÜ˜\X[œÚPKŒŒŽ‚ˆ\[™[˜ÚY\Î‚ˆ[œÚK\Ý[\Îˆ‹Œ‹ŒÂˆÝš[™Ë]ÚYˆËŒ‹ŒˆÝš\X[œÚNˆËŒ‹Œ‚ˆÜÐËKŒLÎˆßB‚ˆÜÐŒŒKŒˆßB‚ˆÜÐŒŒKŒNˆßB‚ˆËX˜\ÙY\KŒKŒˆßB‚ˆ[[˜[YK]˜[Y]ÜKŒŒˆßB‚ˆ[[˜[Z[™ÐŒKŒˆßB‚ˆ[Ú\œÐ‹Œ‹ŒˆßB‚ˆ[™ŒŒŽˆßB‚ˆ\Ú]Ø\ÛPKŒKŒˆßB‚ˆK\›ÜÙ[Z\œ›ÜKŒËÊ›ÜÙ[Z\œ›Ü‹[[Ù[KŒK
J›ÜÙ[Z\œ›Ü‹\Ý]PK
J›ÜÙ[Z\œ›Ü‹]šY]ÐKKŽ
JK\›ÝØÛÛÐKŒÊZœÐLË‹ŒÌ
JJZœÐLË‹ŒÌ
N‚ˆ\[™[˜ÚY\Î‚ˆXŒˆŒ‹ŒLMÂˆ›ÜÙ[Z\œ›Ü‹[[Ù[ˆKŒKˆ›ÜÙ[Z\œ›Ü‹\Ý]NˆKˆ›ÜÙ[Z\œ›Ü‹]šY]ÎˆKKŽˆK\›ÝØÛÛÎˆKŒÊZœÐLË‹ŒÌ
BˆZœÎˆLË‹ŒÌ‚ˆK\›ÝØÛÛÐKŒÊZœÐLË‹ŒÌ
N‚ˆ\[™[˜ÚY\Î‚ˆXŒˆŒ‹ŒLMÂˆZœÎˆLË‹ŒÌ‚ˆK\›ÝšY\ŒLŒXØ[˜\žKŽJZœÐLË‹ŒÌ
N‚ˆ\[™[˜ÚY\Î‚ˆZœÎˆLË‹ŒÌ‚ˆLNKŒŽˆßB‚ˆX[[[[™ÝXYÙK\Ù\™\KŒŒŒ‚ˆ\[™[˜ÚY\Î‚ˆ	ÐœØÛÙKÛL‰ÎˆŒŒNˆZŽˆŒNŒˆZ‹Y˜YLˆKŒŒ
ZŒNŒ
Bˆ™]Y\ŽˆËŽŒÂˆ™\]Y\Ý[YÚˆKŽˆœØÛÙKZœÛÛ‹[[™ÝXYÙ\Ù\šXÙNˆŒKŽˆœØÛÙK[[™ÝXYÙ\Ù\™\ŽˆKŒŒBˆœØÛÙK[[™ÝXYÙ\Ù\™\‹]^ØÝ[Y[ˆKŒŒL‚ˆœØÛÙK[[™ÝXYÙ\Ù\™\‹]\\ÎˆËŒMËBˆœØÛÙK]\šNˆËŒKŒˆX[[ˆ‹ŽŒÂ‚ˆX[[KŒLŒÎˆßB‚ˆX[[‹ŽŒÎˆßB‚ˆX\™ÜË\\œÙ\ŒKŒKŒNˆßB‚ˆX\™ÜË\\œÙ\Œ‹ŒŒˆßB‚ˆX\™ÜÐMËËŒŽ‚ˆ\[™[˜ÚY\Î‚ˆÛ]ZNˆŒŒBˆ\ØØ[YNˆËŒ‹ŒˆÙ]XØ[\‹Yš[Nˆ‹ŒBˆ™\]Z\™KY\™XÝÜžNˆ‹ŒKŒBˆÝš[™Ë]ÚYˆŒ‹ŒÂˆLNŽˆKŒŽˆX\™ÜË\\œÙ\ŽˆŒKŒKŒB‚ˆX\™ÜÐNŒKŒ‚ˆ\[™[˜ÚY\Î‚ˆÛ]ZNˆKŒŒBˆ\ØØ[YNˆËŒ‹ŒˆÙ]XØ[\‹Yš[Nˆ‹ŒBˆÝš[™Ë]ÚYˆŒ‹Œ‚ˆLNŽˆKŒŽˆX\™ÜË\\œÙ\ŽˆŒ‹ŒŒ‚ˆX]^›‹ŒLŒ‚ˆ\[™[˜ÚY\Î‚ˆY™™\‹XÜ˜ÌÌŽˆŒ‹ŒLÂˆ™\ÛXÙ\ŽˆKŒKŒˆÜ[Û˜[ˆYB‚ˆZœÐLË‹ŒÌ‚ˆ\[™[˜ÚY\Î‚ˆXŒˆŒ‹ŒLMÂ‚ˆ[ØÝË\]Y]YPŒKŒˆßB‚ˆ[ØÝË\]Y]YPKŒ‹ŒŽˆßB‚ˆ[ØÝØÛÛÜœËXÚœÐ‹ŒKŒÎˆßB‚ˆ[ÙØK[^[Ý]ËŒ‹ŒNˆßB‚ˆ[ÝXÚXÛÜ™PŒËŒÎ‚ˆ\[™[˜ÚY\Î‚ˆ	ÐÜ[œÜËÙ^Ù\[Û‰ÎˆKŒ‹ŒÂˆ\œ›Ü‹\ÝXÚË\\œÙ\‹Y\ÎˆKŒB‚ˆ[ÝXÚŒKŒX™]KŒL‚ˆ\[™[˜ÚY\Î‚ˆ	ÐÜ[œÜËØÛÛÜœÉÎˆŒK‚ˆ	ÐÜ[œÜËÙ[\\‰Îˆ‹Bˆ	ÐÜYYZYÚYÚØÛÜ™IÎˆKŒ‹ŒMBˆÛÛÚÚYNˆKŒKŒBˆ[ÝXÚXÛÜ™NˆŒËŒÂ‚ˆ›ÙËŒKÍŽˆßB‚ˆ›ÙŒËŽˆßB‚ˆÚ]Ú‹ŒˆßB